
Microsoft Visual Studio Solution File, Format Version 12.00
# Visual Studio Version 17
VisualStudioVersion = 17.7.34024.191
MinimumVisualStudioVersion = 10.0.40219.1
Project("{FAE04EC0-301F-11D3-BF4B-00C04F79EFBC}") = "ListaDeTarefasProjeto", "ListaDeTarefasProjeto.csproj", "{BFB42120-ADD1-46ED-A264-98917732F747}"
EndProject
Global
	GlobalSection(SolutionConfigurationPlatforms) = preSolution
		Debug|Any CPU = Debug|Any CPU
		Release|Any CPU = Release|Any CPU
	EndGlobalSection
	GlobalSection(ProjectConfigurationPlatforms) = postSolution
		{BFB42120-ADD1-46ED-A264-98917732F747}.Debug|Any CPU.ActiveCfg = Debug|Any CPU
		{BFB42120-ADD1-46ED-A264-98917732F747}.Debug|Any CPU.Build.0 = Debug|Any CPU
		{BFB42120-ADD1-46ED-A264-98917732F747}.Release|Any CPU.ActiveCfg = Release|Any CPU
		{BFB42120-ADD1-46ED-A264-98917732F747}.Release|Any CPU.Build.0 = Release|Any CPU
	EndGlobalSection
	GlobalSection(SolutionProperties) = preSolution
		HideSolutionNode = FALSE
	EndGlobalSection
	GlobalSection(ExtensibilityGlobals) = postSolution
		SolutionGuid = {229D51E5-EBE0-4860-A491-506B29393D68}
	EndGlobalSection
EndGlobal
